{
  "version": 1,
  "dependencies": {
    "net10.0": {
      "CommunityToolkit.Mvvm": {
        "type": "Transitive",
        "resolved": "8.4.2",
        "contentHash": "WadCzGEc2U+3e20avRLng4qNtt4zoOGWrdUISqJWrHe3/FSnrYjuM5Sb4yQb09LhkBXrrI4Zt3dLKgRMbItsrg=="
      },
      "LibGit2Sharp": {
        "type": "Transitive",
        "resolved": "0.32.0",
        "contentHash": "BL3eMVRnkWWS9zbz6n0H+iDVJ9ZK7hDeiuASnHlsFvwZYTJtDuBFRRVIaH//s4VlF0baOGvCeenXbobE1JLLiQ==",
        "dependencies": {
          "LibGit2Sharp.NativeBinaries": "[2.0.324]"
        }
      },
      "LibGit2Sharp.NativeBinaries": {
        "type": "Transitive",
        "resolved": "2.0.324",
        "contentHash": "5YZVGNuO9nYFQfzRQGPGY9fdpSsABwlF2jSaZ7ydxCfjvt5Krbj/eHbXkvvgAQzp4lkjvgDrlAuuI4KTmqhDlA=="
      },
      "Octokit": {
        "type": "Transitive",
        "resolved": "14.0.0",
        "contentHash": "jGOuTH1l+TCpJH+fwYOp7USzHDuGfN1jKbLz3J2COwyn+wL08eynvpnM6rY2qkzIEXum3PN2p2QkP3BW/p9Qcw=="
      },
      "gclo.engine": {
        "type": "Project",
        "dependencies": {
          "LibGit2Sharp": "[0.32.0, )",
          "Octokit": "[14.0.0, )"
        }
      },
      "gclo.viewmodels": {
        "type": "Project",
        "dependencies": {
          "CommunityToolkit.Mvvm": "[8.4.2, )",
          "gclo.Engine": "[1.0.1-dev, )"
        }
      }
    },
    "net10.0/win-x64": {
      "LibGit2Sharp.NativeBinaries": {
        "type": "Transitive",
        "resolved": "2.0.324",
        "contentHash": "5YZVGNuO9nYFQfzRQGPGY9fdpSsABwlF2jSaZ7ydxCfjvt5Krbj/eHbXkvvgAQzp4lkjvgDrlAuuI4KTmqhDlA=="
      }
    }
  }
}